
Microsoft Visual Studio Solution File, Format Version 12.00
# Visual Studio Version 17
VisualStudioVersion = 17.8.34408.163
MinimumVisualStudioVersion = 10.0.40219.1
Project("{FAE04EC0-301F-11D3-BF4B-00C04F79EFBC}") = "taskRace", "taskRace.csproj", "{8FE0EEBC-7F0E-4F91-8F20-D900C00CDC1C}"
EndProject
Global
	GlobalSection(SolutionConfigurationPlatforms) = preSolution
		Debug|Any CPU = Debug|Any CPU
		Release|Any CPU = Release|Any CPU
	EndGlobalSection
	GlobalSection(ProjectConfigurationPlatforms) = postSolution
		{8FE0EEBC-7F0E-4F91-8F20-D900C00CDC1C}.Debug|Any CPU.ActiveCfg = Debug|Any CPU
		{8FE0EEBC-7F0E-4F91-8F20-D900C00CDC1C}.Debug|Any CPU.Build.0 = Debug|Any CPU
		{8FE0EEBC-7F0E-4F91-8F20-D900C00CDC1C}.Release|Any CPU.ActiveCfg = Release|Any CPU
		{8FE0EEBC-7F0E-4F91-8F20-D900C00CDC1C}.Release|Any CPU.Build.0 = Release|Any CPU
	EndGlobalSection
	GlobalSection(SolutionProperties) = preSolution
		HideSolutionNode = FALSE
	EndGlobalSection
	GlobalSection(ExtensibilityGlobals) = postSolution
		SolutionGuid = {E0D7FBAB-128B-4D14-BB2F-9BE391E8FE99}
	EndGlobalSection
EndGlobal
